
Microsoft Visual Studio Solution File, Format Version 12.00
# Visual Studio Version 17
VisualStudioVersion = 17.4.33110.190
MinimumVisualStudioVersion = 10.0.40219.1
Project("{FAE04EC0-301F-11D3-BF4B-00C04F79EFBC}") = "AdventOfCode22", "AdventOfCode22\AdventOfCode22.csproj", "{BDDD6AB8-458F-491C-805F-195E9CEE7CF8}"
EndProject
Global
	GlobalSection(SolutionConfigurationPlatforms) = preSolution
		Debug|Any CPU = Debug|Any CPU
		Release|Any CPU = Release|Any CPU
	EndGlobalSection
	GlobalSection(ProjectConfigurationPlatforms) = postSolution
		{BDDD6AB8-458F-491C-805F-195E9CEE7CF8}.Debug|Any CPU.ActiveCfg = Debug|Any CPU
		{BDDD6AB8-458F-491C-805F-195E9CEE7CF8}.Debug|Any CPU.Build.0 = Debug|Any CPU
		{BDDD6AB8-458F-491C-805F-195E9CEE7CF8}.Release|Any CPU.ActiveCfg = Release|Any CPU
		{BDDD6AB8-458F-491C-805F-195E9CEE7CF8}.Release|Any CPU.Build.0 = Release|Any CPU
	EndGlobalSection
	GlobalSection(SolutionProperties) = preSolution
		HideSolutionNode = FALSE
	EndGlobalSection
	GlobalSection(ExtensibilityGlobals) = postSolution
		SolutionGuid = {8515BF03-58A6-4B29-8386-A361C930441B}
	EndGlobalSection
EndGlobal
